
Microsoft Visual Studio Solution File, Format Version 12.00
# Visual Studio Version 17
VisualStudioVersion = 17.0.31903.59
MinimumVisualStudioVersion = 10.0.40219.1
Project("{2150E333-8FDC-42A3-9474-1A3956D46DE8}") = "src", "src", "{96254A4B-22AC-4105-8EFA-0944192A8479}"
EndProject
Project("{FAE04EC0-301F-11D3-BF4B-00C04F79EFBC}") = "Kakushkin_NewsFeed.Domain", "src\Kakushkin_NewsFeed.Domain\Kakushkin_NewsFeed.Domain.csproj", "{B3107CAE-DA64-48D1-8DC0-6A49B18886D6}"
EndProject
Project("{FAE04EC0-301F-11D3-BF4B-00C04F79EFBC}") = "Kakushkin_NewsFeed.Host", "src\Kakushkin_NewsFeed.Host\Kakushkin_NewsFeed.Host.csproj", "{4387885A-6E82-4B55-9F78-BCFBC86C1FA8}"
EndProject
Project("{FAE04EC0-301F-11D3-BF4B-00C04F79EFBC}") = "Kakushkin_NewsFeed.Application", "src\Kakushkin_NewsFeed.Application\Kakushkin_NewsFeed.Application.csproj", "{517278A1-4FB8-46EE-B3AE-EB64B5D71DE2}"
EndProject
Project("{FAE04EC0-301F-11D3-BF4B-00C04F79EFBC}") = "Kakushkin_NewsFeed.Abstractions", "src\Kakushkin_NewsFeed.Abstractions\Kakushkin_NewsFeed.Abstractions.csproj", "{DC8EB6AA-56F3-4419-91FE-C93D7A23799C}"
EndProject
Project("{FAE04EC0-301F-11D3-BF4B-00C04F79EFBC}") = "Kakushkin_NewsFeed.Common", "src\Kakushkin_NewsFeed.Common\Kakushkin_NewsFeed.Common.csproj", "{F903B0B4-8F3E-4BB7-8EA3-AF74F66D2623}"
EndProject
Project("{FAE04EC0-301F-11D3-BF4B-00C04F79EFBC}") = "Kakushkin_NewsFeed.Persistence", "src\Kakushkin_NewsFeed.Persistence\Kakushkin_NewsFeed.Persistence.csproj", "{0EE4DE56-DAC0-4B56-83F2-9EED5B98020C}"
EndProject
Project("{2150E333-8FDC-42A3-9474-1A3956D46DE8}") = "tests", "tests", "{7E6FA0D2-FC14-4904-B7FE-B7DB7C2D1F12}"
EndProject
Project("{FAE04EC0-301F-11D3-BF4B-00C04F79EFBC}") = "Kakushkin_NewsFeed.Application.Tests", "tests\Kakushkin_NewsFeed.Application.Tests\Kakushkin_NewsFeed.Application.Tests.csproj", "{8978866E-1914-4B68-BF49-279DB8244D4E}"
EndProject
Project("{2150E333-8FDC-42A3-9474-1A3956D46DE8}") = "Solution Items", "Solution Items", "{7830F374-6236-484B-9B74-BD129AD2C2ED}"
	ProjectSection(SolutionItems) = preProject
		compose.yaml = compose.yaml
	EndProjectSection
EndProject
Global
	GlobalSection(SolutionConfigurationPlatforms) = preSolution
		Debug|Any CPU = Debug|Any CPU
		Release|Any CPU = Release|Any CPU
	EndGlobalSection
	GlobalSection(SolutionProperties) = preSolution
		HideSolutionNode = FALSE
	EndGlobalSection
	GlobalSection(ProjectConfigurationPlatforms) = postSolution
		{B3107CAE-DA64-48D1-8DC0-6A49B18886D6}.Debug|Any CPU.ActiveCfg = Debug|Any CPU
		{B3107CAE-DA64-48D1-8DC0-6A49B18886D6}.Debug|Any CPU.Build.0 = Debug|Any CPU
		{B3107CAE-DA64-48D1-8DC0-6A49B18886D6}.Release|Any CPU.ActiveCfg = Release|Any CPU
		{B3107CAE-DA64-48D1-8DC0-6A49B18886D6}.Release|Any CPU.Build.0 = Release|Any CPU
		{4387885A-6E82-4B55-9F78-BCFBC86C1FA8}.Debug|Any CPU.ActiveCfg = Debug|Any CPU
		{4387885A-6E82-4B55-9F78-BCFBC86C1FA8}.Debug|Any CPU.Build.0 = Debug|Any CPU
		{4387885A-6E82-4B55-9F78-BCFBC86C1FA8}.Release|Any CPU.ActiveCfg = Release|Any CPU
		{4387885A-6E82-4B55-9F78-BCFBC86C1FA8}.Release|Any CPU.Build.0 = Release|Any CPU
		{517278A1-4FB8-46EE-B3AE-EB64B5D71DE2}.Debug|Any CPU.ActiveCfg = Debug|Any CPU
		{517278A1-4FB8-46EE-B3AE-EB64B5D71DE2}.Debug|Any CPU.Build.0 = Debug|Any CPU
		{517278A1-4FB8-46EE-B3AE-EB64B5D71DE2}.Release|Any CPU.ActiveCfg = Release|Any CPU
		{517278A1-4FB8-46EE-B3AE-EB64B5D71DE2}.Release|Any CPU.Build.0 = Release|Any CPU
		{DC8EB6AA-56F3-4419-91FE-C93D7A23799C}.Debug|Any CPU.ActiveCfg = Debug|Any CPU
		{DC8EB6AA-56F3-4419-91FE-C93D7A23799C}.Debug|Any CPU.Build.0 = Debug|Any CPU
		{DC8EB6AA-56F3-4419-91FE-C93D7A23799C}.Release|Any CPU.ActiveCfg = Release|Any CPU
		{DC8EB6AA-56F3-4419-91FE-C93D7A23799C}.Release|Any CPU.Build.0 = Release|Any CPU
		{F903B0B4-8F3E-4BB7-8EA3-AF74F66D2623}.Debug|Any CPU.ActiveCfg = Debug|Any CPU
		{F903B0B4-8F3E-4BB7-8EA3-AF74F66D2623}.Debug|Any CPU.Build.0 = Debug|Any CPU
		{F903B0B4-8F3E-4BB7-8EA3-AF74F66D2623}.Release|Any CPU.ActiveCfg = Release|Any CPU
		{F903B0B4-8F3E-4BB7-8EA3-AF74F66D2623}.Release|Any CPU.Build.0 = Release|Any CPU
		{0EE4DE56-DAC0-4B56-83F2-9EED5B98020C}.Debug|Any CPU.ActiveCfg = Debug|Any CPU
		{0EE4DE56-DAC0-4B56-83F2-9EED5B98020C}.Debug|Any CPU.Build.0 = Debug|Any CPU
		{0EE4DE56-DAC0-4B56-83F2-9EED5B98020C}.Release|Any CPU.ActiveCfg = Release|Any CPU
		{0EE4DE56-DAC0-4B56-83F2-9EED5B98020C}.Release|Any CPU.Build.0 = Release|Any CPU
		{8978866E-1914-4B68-BF49-279DB8244D4E}.Debug|Any CPU.ActiveCfg = Debug|Any CPU
		{8978866E-1914-4B68-BF49-279DB8244D4E}.Debug|Any CPU.Build.0 = Debug|Any CPU
		{8978866E-1914-4B68-BF49-279DB8244D4E}.Release|Any CPU.ActiveCfg = Release|Any CPU
		{8978866E-1914-4B68-BF49-279DB8244D4E}.Release|Any CPU.Build.0 = Release|Any CPU
	EndGlobalSection
	GlobalSection(NestedProjects) = preSolution
		{B3107CAE-DA64-48D1-8DC0-6A49B18886D6} = {96254A4B-22AC-4105-8EFA-0944192A8479}
		{4387885A-6E82-4B55-9F78-BCFBC86C1FA8} = {96254A4B-22AC-4105-8EFA-0944192A8479}
		{517278A1-4FB8-46EE-B3AE-EB64B5D71DE2} = {96254A4B-22AC-4105-8EFA-0944192A8479}
		{DC8EB6AA-56F3-4419-91FE-C93D7A23799C} = {96254A4B-22AC-4105-8EFA-0944192A8479}
		{F903B0B4-8F3E-4BB7-8EA3-AF74F66D2623} = {96254A4B-22AC-4105-8EFA-0944192A8479}
		{0EE4DE56-DAC0-4B56-83F2-9EED5B98020C} = {96254A4B-22AC-4105-8EFA-0944192A8479}
		{8978866E-1914-4B68-BF49-279DB8244D4E} = {7E6FA0D2-FC14-4904-B7FE-B7DB7C2D1F12}
	EndGlobalSection
EndGlobal
